PODS:
  - Alamofire (5.9.1)
  - NSDLTestFramework (1.0.0):
    - Alamofire (~> 5.9.1)

DEPENDENCIES:
  - NSDLTestFramework (~> 1.0)

SPEC REPOS:
  trunk:
    - Alamofire
    - NSDLTestFramework

SPEC CHECKSUMS:
  Alamofire: f36a35757af4587d8e4f4bfa223ad10be2422b8c
  NSDLTestFramework: a1238b00e79228b64dcbaeac23285319d6a97080

PODFILE CHECKSUM: b7c3f349f7b4936da8c5c498b08e9c2f506ecf93

COCOAPODS: 1.15.2
