// !$*UTF8*$!
{
	archiveVersion = 1;
	classes = {
	};
	objectVersion = 56;
	objects = {

/* Begin PBXBuildFile section */
		1D3E63932C32DCE20053364F /* NSDLTestFramework.h in Headers */ = {isa = PBXBuildFile; fileRef = 1D3E63922C32DCE20053364F /* NSDLTestFramework.h */; settings = {ATTRIBUTES = (Public, ); }; };
		1D3E639C2C32DD130053364F /* Alamofire in Frameworks */ = {isa = PBXBuildFile; productRef = 1D3E639B2C32DD130053364F /* Alamofire */; };
		1D3E63A92C32DD400053364F /* Main.storyboard in Resources */ = {isa = PBXBuildFile; fileRef = 1D3E639D2C32DD400053364F /* Main.storyboard */; };
		1D3E63AA2C32DD400053364F /* CellTblUser.swift in Sources */ = {isa = PBXBuildFile; fileRef = 1D3E639F2C32DD400053364F /* CellTblUser.swift */; };
		1D3E63AB2C32DD400053364F /* CellTblUser.xib in Resources */ = {isa = PBXBuildFile; fileRef = 1D3E63A02C32DD400053364F /* CellTblUser.xib */; };
		1D3E63AC2C32DD400053364F /* UserDetailsVC.swift in Sources */ = {isa = PBXBuildFile; fileRef = 1D3E63A32C32DD400053364F /* UserDetailsVC.swift */; };
		1D3E63AD2C32DD400053364F /* ModelUserDetails.swift in Sources */ = {isa = PBXBuildFile; fileRef = 1D3E63A52C32DD400053364F /* ModelUserDetails.swift */; };
		1D3E63AE2C32DD400053364F /* Network.swift in Sources */ = {isa = PBXBuildFile; fileRef = 1D3E63A72C32DD400053364F /* Network.swift */; };
/* End PBXBuildFile section */

/* Begin PBXFileReference section */
		1D3E638F2C32DCE20053364F /* NSDLTestFramework.framework */ = {isa = PBXFileReference; explicitFileType = wrapper.framework; includeInIndex = 0; path = NSDLTestFramework.framework; sourceTree = BUILT_PRODUCTS_DIR; };
		1D3E63922C32DCE20053364F /* NSDLTestFramework.h */ = {isa = PBXFileReference; lastKnownFileType = sourcecode.c.h; path = NSDLTestFramework.h; sourceTree = "<group>"; };
		1D3E639D2C32DD400053364F /* Main.storyboard */ = {isa = PBXFileReference; fileEncoding = 4; lastKnownFileType = file.storyboard; path = Main.storyboard; sourceTree = "<group>"; };
		1D3E639F2C32DD400053364F /* CellTblUser.swift */ = {isa = PBXFileReference; fileEncoding = 4; lastKnownFileType = sourcecode.swift; path = CellTblUser.swift; sourceTree = "<group>"; };
		1D3E63A02C32DD400053364F /* CellTblUser.xib */ = {isa = PBXFileReference; fileEncoding = 4; lastKnownFileType = file.xib; path = CellTblUser.xib; sourceTree = "<group>"; };
		1D3E63A32C32DD400053364F /* UserDetailsVC.swift */ = {isa = PBXFileReference; fileEncoding = 4; lastKnownFileType = sourcecode.swift; path = UserDetailsVC.swift; sourceTree = "<group>"; };
		1D3E63A52C32DD400053364F /* ModelUserDetails.swift */ = {isa = PBXFileReference; fileEncoding = 4; lastKnownFileType = sourcecode.swift; path = ModelUserDetails.swift; sourceTree = "<group>"; };
		1D3E63A72C32DD400053364F /* Network.swift */ = {isa = PBXFileReference; fileEncoding = 4; lastKnownFileType = sourcecode.swift; path = Network.swift; sourceTree = "<group>"; };
/* End PBXFileReference section */

/* Begin PBXFrameworksBuildPhase section */
		1D3E638C2C32DCE20053364F /* Frameworks */ = {
			isa = PBXFrameworksBuildPhase;
			buildActionMask = 2147483647;
			files = (
				1D3E639C2C32DD130053364F /* Alamofire in Frameworks */,
			);
			runOnlyForDeploymentPostprocessing = 0;
		};
/* End PBXFrameworksBuildPhase section */

/* Begin PBXGroup section */
		1D3E63852C32DCE20053364F = {
			isa = PBXGroup;
			children = (
				1D3E63912C32DCE20053364F /* NSDLTestFramework */,
				1D3E63902C32DCE20053364F /* Products */,
				1D3E639A2C32DD130053364F /* Frameworks */,
			);
			sourceTree = "<group>";
		};
		1D3E63902C32DCE20053364F /* Products */ = {
			isa = PBXGroup;
			children = (
				1D3E638F2C32DCE20053364F /* NSDLTestFramework.framework */,
			);
			name = Products;
			sourceTree = "<group>";
		};
		1D3E63912C32DCE20053364F /* NSDLTestFramework */ = {
			isa = PBXGroup;
			children = (
				1D3E63A62C32DD400053364F /* Model */,
				1D3E63A82C32DD400053364F /* Network */,
				1D3E639E2C32DD400053364F /* StroryBoard */,
				1D3E63A42C32DD400053364F /* ViewController */,
				1D3E63922C32DCE20053364F /* NSDLTestFramework.h */,
			);
			path = NSDLTestFramework;
			sourceTree = "<group>";
		};
		1D3E639A2C32DD130053364F /* Frameworks */ = {
			isa = PBXGroup;
			children = (
			);
			name = Frameworks;
			sourceTree = "<group>";
		};
		1D3E639E2C32DD400053364F /* StroryBoard */ = {
			isa = PBXGroup;
			children = (
				1D3E639D2C32DD400053364F /* Main.storyboard */,
			);
			path = StroryBoard;
			sourceTree = "<group>";
		};
		1D3E63A12C32DD400053364F /* CellTblUser */ = {
			isa = PBXGroup;
			children = (
				1D3E639F2C32DD400053364F /* CellTblUser.swift */,
				1D3E63A02C32DD400053364F /* CellTblUser.xib */,
			);
			path = CellTblUser;
			sourceTree = "<group>";
		};
		1D3E63A22C32DD400053364F /* Cell */ = {
			isa = PBXGroup;
			children = (
				1D3E63A12C32DD400053364F /* CellTblUser */,
			);
			path = Cell;
			sourceTree = "<group>";
		};
		1D3E63A42C32DD400053364F /* ViewController */ = {
			isa = PBXGroup;
			children = (
				1D3E63A22C32DD400053364F /* Cell */,
				1D3E63A32C32DD400053364F /* UserDetailsVC.swift */,
			);
			path = ViewController;
			sourceTree = "<group>";
		};
		1D3E63A62C32DD400053364F /* Model */ = {
			isa = PBXGroup;
			children = (
				1D3E63A52C32DD400053364F /* ModelUserDetails.swift */,
			);
			path = Model;
			sourceTree = "<group>";
		};
		1D3E63A82C32DD400053364F /* Network */ = {
			isa = PBXGroup;
			children = (
				1D3E63A72C32DD400053364F /* Network.swift */,
			);
			path = Network;
			sourceTree = "<group>";
		};
/* End PBXGroup section */

/* Begin PBXHeadersBuildPhase section */
		1D3E638A2C32DCE20053364F /* Headers */ = {
			isa = PBXHeadersBuildPhase;
			buildActionMask = 2147483647;
			files = (
				1D3E63932C32DCE20053364F /* NSDLTestFramework.h in Headers */,
			);
			runOnlyForDeploymentPostprocessing = 0;
		};
/* End PBXHeadersBuildPhase section */

/* Begin PBXNativeTarget section */
		1D3E638E2C32DCE20053364F /* NSDLTestFramework */ = {
			isa = PBXNativeTarget;
			buildConfigurationList = 1D3E63962C32DCE20053364F /* Build configuration list for PBXNativeTarget "NSDLTestFramework" */;
			buildPhases = (
				1D3E638A2C32DCE20053364F /* Headers */,
				1D3E638B2C32DCE20053364F /* Sources */,
				1D3E638C2C32DCE20053364F /* Frameworks */,
				1D3E638D2C32DCE20053364F /* Resources */,
			);
			buildRules = (
			);
			dependencies = (
			);
			name = NSDLTestFramework;
			packageProductDependencies = (
				1D3E639B2C32DD130053364F /* Alamofire */,
			);
			productName = NSDLTestFramework;
			productReference = 1D3E638F2C32DCE20053364F /* NSDLTestFramework.framework */;
			productType = "com.apple.product-type.framework";
		};
/* End PBXNativeTarget section */

/* Begin PBXProject section */
		1D3E63862C32DCE20053364F /* Project object */ = {
			isa = PBXProject;
			attributes = {
				BuildIndependentTargetsInParallel = 1;
				LastUpgradeCheck = 1540;
				TargetAttributes = {
					1D3E638E2C32DCE20053364F = {
						CreatedOnToolsVersion = 15.4;
					};
				};
			};
			buildConfigurationList = 1D3E63892C32DCE20053364F /* Build configuration list for PBXProject "NSDLTestFramework" */;
			compatibilityVersion = "Xcode 14.0";
			developmentRegion = en;
			hasScannedForEncodings = 0;
			knownRegions = (
				en,
				Base,
			);
			mainGroup = 1D3E63852C32DCE20053364F;
			packageReferences = (
				1D3E63992C32DD020053364F /* XCRemoteSwiftPackageReference "Alamofire" */,
			);
			productRefGroup = 1D3E63902C32DCE20053364F /* Products */;
			projectDirPath = "";
			projectRoot = "";
			targets = (
				1D3E638E2C32DCE20053364F /* NSDLTestFramework */,
			);
		};
/* End PBXProject section */

/* Begin PBXResourcesBuildPhase section */
		1D3E638D2C32DCE20053364F /* Resources */ = {
			isa = PBXResourcesBuildPhase;
			buildActionMask = 2147483647;
			files = (
				1D3E63A92C32DD400053364F /* Main.storyboard in Resources */,
				1D3E63AB2C32DD400053364F /* CellTblUser.xib in Resources */,
			);
			runOnlyForDeploymentPostprocessing = 0;
		};
/* End PBXResourcesBuildPhase section */

/* Begin PBXSourcesBuildPhase section */
		1D3E638B2C32DCE20053364F /* Sources */ = {
			isa = PBXSourcesBuildPhase;
			buildActionMask = 2147483647;
			files = (
				1D3E63AC2C32DD400053364F /* UserDetailsVC.swift in Sources */,
				1D3E63AA2C32DD400053364F /* CellTblUser.swift in Sources */,
				1D3E63AE2C32DD400053364F /* Network.swift in Sources */,
				1D3E63AD2C32DD400053364F /* ModelUserDetails.swift in Sources */,
			);
			runOnlyForDeploymentPostprocessing = 0;
		};
/* End PBXSourcesBuildPhase section */

/* Begin XCBuildConfiguration section */
		1D3E63942C32DCE20053364F /* Debug */ = {
			isa = XCBuildConfiguration;
			buildSettings = {
				ALWAYS_SEARCH_USER_PATHS = NO;
				ASSETCATALOG_COMPILER_GENERATE_SWIFT_ASSET_SYMBOL_EXTENSIONS = YES;
				CLANG_ANALYZER_NONNULL = YES;
				CLANG_ANALYZER_NUMBER_OBJECT_CONVERSION = YES_AGGRESSIVE;
				CLANG_CXX_LANGUAGE_STANDARD = "gnu++20";
				CLANG_ENABLE_MODULES = YES;
				CLANG_ENABLE_OBJC_ARC = YES;
				CLANG_ENABLE_OBJC_WEAK = YES;
				CLANG_WARN_BLOCK_CAPTURE_AUTORELEASING = YES;
				CLANG_WARN_BOOL_CONVERSION = YES;
				CLANG_WARN_COMMA = YES;
				CLANG_WARN_CONSTANT_CONVERSION = YES;
				CLANG_WARN_DEPRECATED_OBJC_IMPLEMENTATIONS = YES;
				CLANG_WARN_DIRECT_OBJC_ISA_USAGE = YES_ERROR;
				CLANG_WARN_DOCUMENTATION_COMMENTS = YES;
				CLANG_WARN_EMPTY_BODY = YES;
				CLANG_WARN_ENUM_CONVERSION = YES;
				CLANG_WARN_INFINITE_RECURSION = YES;
				CLANG_WARN_INT_CONVERSION = YES;
				CLANG_WARN_NON_LITERAL_NULL_CONVERSION = YES;
				CLANG_WARN_OBJC_IMPLICIT_RETAIN_SELF = YES;
				CLANG_WARN_OBJC_LITERAL_CONVERSION = YES;
				CLANG_WARN_OBJC_ROOT_CLASS = YES_ERROR;
				CLANG_WARN_QUOTED_INCLUDE_IN_FRAMEWORK_HEADER = YES;
				CLANG_WARN_RANGE_LOOP_ANALYSIS = YES;
				CLANG_WARN_STRICT_PROTOTYPES = YES;
				CLANG_WARN_SUSPICIOUS_MOVE = YES;
				CLANG_WARN_UNGUARDED_AVAILABILITY = YES_AGGRESSIVE;
				CLANG_WARN_UNREACHABLE_CODE = YES;
				CLANG_WARN__DUPLICATE_METHOD_MATCH = YES;
				COPY_PHASE_STRIP = NO;
				CURRENT_PROJECT_VERSION = 1;
				DEBUG_INFORMATION_FORMAT = dwarf;
				ENABLE_STRICT_OBJC_MSGSEND = YES;
				ENABLE_TESTABILITY = YES;
				ENABLE_USER_SCRIPT_SANDBOXING = YES;
				GCC_C_LANGUAGE_STANDARD = gnu17;
				GCC_DYNAMIC_NO_PIC = NO;
				GCC_NO_COMMON_BLOCKS = YES;
				GCC_OPTIMIZATION_LEVEL = 0;
				GCC_PREPROCESSOR_DEFINITIONS = (
					"DEBUG=1",
					"$(inherited)",
				);
				GCC_WARN_64_TO_32_BIT_CONVERSION = YES;
				GCC_WARN_ABOUT_RETURN_TYPE = YES_ERROR;
				GCC_WARN_UNDECLARED_SELECTOR = YES;
				GCC_WARN_UNINITIALIZED_AUTOS = YES_AGGRESSIVE;
				GCC_WARN_UNUSED_FUNCTION = YES;
				GCC_WARN_UNUSED_VARIABLE = YES;
				IPHONEOS_DEPLOYMENT_TARGET = 15.0;
				LOCALIZATION_PREFERS_STRING_CATALOGS = YES;
				MTL_ENABLE_DEBUG_INFO = INCLUDE_SOURCE;
				MTL_FAST_MATH = YES;
				ONLY_ACTIVE_ARCH = YES;
				SDKROOT = iphoneos;
				SWIFT_ACTIVE_COMPILATION_CONDITIONS = "DEBUG $(inherited)";
				SWIFT_OPTIMIZATION_LEVEL = "-Onone";
				VERSIONING_SYSTEM = "apple-generic";
				VERSION_INFO_PREFIX = "";
			};
			name = Debug;
		};
		1D3E63952C32DCE20053364F /* Release */ = {
			isa = XCBuildConfiguration;
			buildSettings = {
				ALWAYS_SEARCH_USER_PATHS = NO;
				ASSETCATALOG_COMPILER_GENERATE_SWIFT_ASSET_SYMBOL_EXTENSIONS = YES;
				CLANG_ANALYZER_NONNULL = YES;
				CLANG_ANALYZER_NUMBER_OBJECT_CONVERSION = YES_AGGRESSIVE;
				CLANG_CXX_LANGUAGE_STANDARD = "gnu++20";
				CLANG_ENABLE_MODULES = YES;
				CLANG_ENABLE_OBJC_ARC = YES;
				CLANG_ENABLE_OBJC_WEAK = YES;
				CLANG_WARN_BLOCK_CAPTURE_AUTORELEASING = YES;
				CLANG_WARN_BOOL_CONVERSION = YES;
				CLANG_WARN_COMMA = YES;
				CLANG_WARN_CONSTANT_CONVERSION = YES;
				CLANG_WARN_DEPRECATED_OBJC_IMPLEMENTATIONS = YES;
				CLANG_WARN_DIRECT_OBJC_ISA_USAGE = YES_ERROR;
				CLANG_WARN_DOCUMENTATION_COMMENTS = YES;
				CLANG_WARN_EMPTY_BODY = YES;
				CLANG_WARN_ENUM_CONVERSION = YES;
				CLANG_WARN_INFINITE_RECURSION = YES;
				CLANG_WARN_INT_CONVERSION = YES;
				CLANG_WARN_NON_LITERAL_NULL_CONVERSION = YES;
				CLANG_WARN_OBJC_IMPLICIT_RETAIN_SELF = YES;
				CLANG_WARN_OBJC_LITERAL_CONVERSION = YES;
				CLANG_WARN_OBJC_ROOT_CLASS = YES_ERROR;
				CLANG_WARN_QUOTED_INCLUDE_IN_FRAMEWORK_HEADER = YES;
				CLANG_WARN_RANGE_LOOP_ANALYSIS = YES;
				CLANG_WARN_STRICT_PROTOTYPES = YES;
				CLANG_WARN_SUSPICIOUS_MOVE = YES;
				CLANG_WARN_UNGUARDED_AVAILABILITY = YES_AGGRESSIVE;
				CLANG_WARN_UNREACHABLE_CODE = YES;
				CLANG_WARN__DUPLICATE_METHOD_MATCH = YES;
				COPY_PHASE_STRIP = NO;
				CURRENT_PROJECT_VERSION = 1;
				DEBUG_INFORMATION_FORMAT = "dwarf-with-dsym";
				ENABLE_NS_ASSERTIONS = NO;
				ENABLE_STRICT_OBJC_MSGSEND = YES;
				ENABLE_USER_SCRIPT_SANDBOXING = YES;
				GCC_C_LANGUAGE_STANDARD = gnu17;
				GCC_NO_COMMON_BLOCKS = YES;
				GCC_WARN_64_TO_32_BIT_CONVERSION = YES;
				GCC_WARN_ABOUT_RETURN_TYPE = YES_ERROR;
				GCC_WARN_UNDECLARED_SELECTOR = YES;
				GCC_WARN_UNINITIALIZED_AUTOS = YES_AGGRESSIVE;
				GCC_WARN_UNUSED_FUNCTION = YES;
				GCC_WARN_UNUSED_VARIABLE = YES;
				IPHONEOS_DEPLOYMENT_TARGET = 15.0;
				LOCALIZATION_PREFERS_STRING_CATALOGS = YES;
				MTL_ENABLE_DEBUG_INFO = NO;
				MTL_FAST_MATH = YES;
				SDKROOT = iphoneos;
				SWIFT_COMPILATION_MODE = wholemodule;
				VALIDATE_PRODUCT = YES;
				VERSIONING_SYSTEM = "apple-generic";
				VERSION_INFO_PREFIX = "";
			};
			name = Release;
		};
		1D3E63972C32DCE20053364F /* Debug */ = {
			isa = XCBuildConfiguration;
			buildSettings = {
				BUILD_LIBRARY_FOR_DISTRIBUTION = YES;
				CODE_SIGN_STYLE = Automatic;
				CURRENT_PROJECT_VERSION = 1;
				DEFINES_MODULE = YES;
				DYLIB_COMPATIBILITY_VERSION = 1;
				DYLIB_CURRENT_VERSION = 1;
				DYLIB_INSTALL_NAME_BASE = "@rpath";
				ENABLE_MODULE_VERIFIER = YES;
				GENERATE_INFOPLIST_FILE = YES;
				INFOPLIST_KEY_NSHumanReadableCopyright = "";
				INSTALL_PATH = "$(LOCAL_LIBRARY_DIR)/Frameworks";
				IPHONEOS_DEPLOYMENT_TARGET = 15.0;
				LD_RUNPATH_SEARCH_PATHS = (
					"$(inherited)",
					"@executable_path/Frameworks",
					"@loader_path/Frameworks",
				);
				MARKETING_VERSION = 1.0;
				MODULE_VERIFIER_SUPPORTED_LANGUAGES = "objective-c objective-c++";
				MODULE_VERIFIER_SUPPORTED_LANGUAGE_STANDARDS = "gnu17 gnu++20";
				PRODUCT_BUNDLE_IDENTIFIER = com.NSDLTestFramework;
				PRODUCT_NAME = "$(TARGET_NAME:c99extidentifier)";
				SKIP_INSTALL = YES;
				SUPPORTED_PLATFORMS = "iphoneos iphonesimulator";
				SUPPORTS_MACCATALYST = NO;
				SUPPORTS_MAC_DESIGNED_FOR_IPHONE_IPAD = NO;
				SUPPORTS_XR_DESIGNED_FOR_IPHONE_IPAD = NO;
				SWIFT_EMIT_LOC_STRINGS = YES;
				SWIFT_INSTALL_OBJC_HEADER = NO;
				SWIFT_VERSION = 5.0;
				TARGETED_DEVICE_FAMILY = "1,2";
			};
			name = Debug;
		};
		1D3E63982C32DCE20053364F /* Release */ = {
			isa = XCBuildConfiguration;
			buildSettings = {
				BUILD_LIBRARY_FOR_DISTRIBUTION = YES;
				CODE_SIGN_STYLE = Automatic;
				CURRENT_PROJECT_VERSION = 1;
				DEFINES_MODULE = YES;
				DYLIB_COMPATIBILITY_VERSION = 1;
				DYLIB_CURRENT_VERSION = 1;
				DYLIB_INSTALL_NAME_BASE = "@rpath";
				ENABLE_MODULE_VERIFIER = YES;
				GENERATE_INFOPLIST_FILE = YES;
				INFOPLIST_KEY_NSHumanReadableCopyright = "";
				INSTALL_PATH = "$(LOCAL_LIBRARY_DIR)/Frameworks";
				IPHONEOS_DEPLOYMENT_TARGET = 15.0;
				LD_RUNPATH_SEARCH_PATHS = (
					"$(inherited)",
					"@executable_path/Frameworks",
					"@loader_path/Frameworks",
				);
				MARKETING_VERSION = 1.0;
				MODULE_VERIFIER_SUPPORTED_LANGUAGES = "objective-c objective-c++";
				MODULE_VERIFIER_SUPPORTED_LANGUAGE_STANDARDS = "gnu17 gnu++20";
				PRODUCT_BUNDLE_IDENTIFIER = com.NSDLTestFramework;
				PRODUCT_NAME = "$(TARGET_NAME:c99extidentifier)";
				SKIP_INSTALL = YES;
				SUPPORTED_PLATFORMS = "iphoneos iphonesimulator";
				SUPPORTS_MACCATALYST = NO;
				SUPPORTS_MAC_DESIGNED_FOR_IPHONE_IPAD = NO;
				SUPPORTS_XR_DESIGNED_FOR_IPHONE_IPAD = NO;
				SWIFT_EMIT_LOC_STRINGS = YES;
				SWIFT_INSTALL_OBJC_HEADER = NO;
				SWIFT_VERSION = 5.0;
				TARGETED_DEVICE_FAMILY = "1,2";
			};
			name = Release;
		};
/* End XCBuildConfiguration section */

/* Begin XCConfigurationList section */
		1D3E63892C32DCE20053364F /* Build configuration list for PBXProject "NSDLTestFramework" */ = {
			isa = XCConfigurationList;
			buildConfigurations = (
				1D3E63942C32DCE20053364F /* Debug */,
				1D3E63952C32DCE20053364F /* Release */,
			);
			defaultConfigurationIsVisible = 0;
			defaultConfigurationName = Release;
		};
		1D3E63962C32DCE20053364F /* Build configuration list for PBXNativeTarget "NSDLTestFramework" */ = {
			isa = XCConfigurationList;
			buildConfigurations = (
				1D3E63972C32DCE20053364F /* Debug */,
				1D3E63982C32DCE20053364F /* Release */,
			);
			defaultConfigurationIsVisible = 0;
			defaultConfigurationName = Release;
		};
/* End XCConfigurationList section */

/* Begin XCRemoteSwiftPackageReference section */
		1D3E63992C32DD020053364F /* XCRemoteSwiftPackageReference "Alamofire" */ = {
			isa = XCRemoteSwiftPackageReference;
			repositoryURL = "https://github.com/Alamofire/Alamofire.git";
			requirement = {
				kind = upToNextMajorVersion;
				minimumVersion = 5.9.1;
			};
		};
/* End XCRemoteSwiftPackageReference section */

/* Begin XCSwiftPackageProductDependency section */
		1D3E639B2C32DD130053364F /* Alamofire */ = {
			isa = XCSwiftPackageProductDependency;
			package = 1D3E63992C32DD020053364F /* XCRemoteSwiftPackageReference "Alamofire" */;
			productName = Alamofire;
		};
/* End XCSwiftPackageProductDependency section */
	};
	rootObject = 1D3E63862C32DCE20053364F /* Project object */;
}
